# THIS IS AN AUTOGENERATED FILE. DO NOT EDIT THIS FILE DIRECTLY.
# yarn lockfile v1


dotenv@16.0.3:
  version "16.0.3"
  resolved "https://registry.yarnpkg.com/dotenv/-/dotenv-16.0.3.tgz#115aec42bac5053db3c456db30cc243a5a836a07"
  integrity sha512-7GO6HghkA5fYG9TYnNxi14/7K9f5occMlp3zXAuSxn7CKCxt9xbNWG7yF8hTCSUchlfWSe3uLmlPfigevRItzQ==

oneenv@0.9.9:
  version "0.9.9"
  resolved "https://registry.yarnpkg.com/oneenv/-/oneenv-0.9.9.tgz#4a4c53c53603ac3d7317ca96ac2c245079a61549"
  integrity sha512-voOXT38tmk9CnCZV1L9mpMELIFIhV8a4cmy3G/uDnaM+rz62So9fYNxS63XE7fRWNBD/F+Xhx8btp9HiPzQvLg==
  dependencies:
    dotenv "16.0.3"
